
Microsoft Visual Studio Solution File, Format Version 12.00
# Visual Studio 15
VisualStudioVersion = 15.0.27703.2000
MinimumVisualStudioVersion = 10.0.40219.1
Project("{FAE04EC0-301F-11D3-BF4B-00C04F79EFBC}") = "inventory", "inventory\inventory.csproj", "{76200986-B8FE-4ED7-BC9E-E356D74F8940}"
EndProject
Global
	GlobalSection(SolutionConfigurationPlatforms) = preSolution
		Debug|Any CPU = Debug|Any CPU
		Release|Any CPU = Release|Any CPU
	EndGlobalSection
	GlobalSection(ProjectConfigurationPlatforms) = postSolution
		{76200986-B8FE-4ED7-BC9E-E356D74F8940}.Debug|Any CPU.ActiveCfg = Debug|Any CPU
		{76200986-B8FE-4ED7-BC9E-E356D74F8940}.Debug|Any CPU.Build.0 = Debug|Any CPU
		{76200986-B8FE-4ED7-BC9E-E356D74F8940}.Release|Any CPU.ActiveCfg = Release|Any CPU
		{76200986-B8FE-4ED7-BC9E-E356D74F8940}.Release|Any CPU.Build.0 = Release|Any CPU
	EndGlobalSection
	GlobalSection(SolutionProperties) = preSolution
		HideSolutionNode = FALSE
	EndGlobalSection
	GlobalSection(ExtensibilityGlobals) = postSolution
		SolutionGuid = {E644B667-38AC-49E1-BF01-A4835D15E1A1}
	EndGlobalSection
EndGlobal
